
Microsoft Visual Studio Solution File, Format Version 12.00
# Visual Studio 15
VisualStudioVersion = 15.0.28307.421
MinimumVisualStudioVersion = 10.0.40219.1
Project("{9A19103F-16F7-4668-BE54-9A1E7A4F7556}") = "MvcSkipAndTake", "MvcSkipAndTake\MvcSkipAndTake.csproj", "{5918D9AB-BAE0-401B-AB9B-E02D326C84AF}"
EndProject
Global
	GlobalSection(SolutionConfigurationPlatforms) = preSolution
		Debug|Any CPU = Debug|Any CPU
		Release|Any CPU = Release|Any CPU
	EndGlobalSection
	GlobalSection(ProjectConfigurationPlatforms) = postSolution
		{5918D9AB-BAE0-401B-AB9B-E02D326C84AF}.Debug|Any CPU.ActiveCfg = Debug|Any CPU
		{5918D9AB-BAE0-401B-AB9B-E02D326C84AF}.Debug|Any CPU.Build.0 = Debug|Any CPU
		{5918D9AB-BAE0-401B-AB9B-E02D326C84AF}.Release|Any CPU.ActiveCfg = Release|Any CPU
		{5918D9AB-BAE0-401B-AB9B-E02D326C84AF}.Release|Any CPU.Build.0 = Release|Any CPU
	EndGlobalSection
	GlobalSection(SolutionProperties) = preSolution
		HideSolutionNode = FALSE
	EndGlobalSection
	GlobalSection(ExtensibilityGlobals) = postSolution
		SolutionGuid = {AF4C2FF4-857C-4D6D-8E4F-E0464AA859FC}
	EndGlobalSection
EndGlobal
